
Microsoft Visual Studio Solution File, Format Version 12.00
# Visual Studio Version 17
VisualStudioVersion = 17.5.33516.290
MinimumVisualStudioVersion = 10.0.40219.1
Project("{FAE04EC0-301F-11D3-BF4B-00C04F79EFBC}") = "SkShop", "SkShop\SkShop.csproj", "{FC0488F9-0E6B-4701-89DF-592A163C3431}"
EndProject
Global
	GlobalSection(SolutionConfigurationPlatforms) = preSolution
		Debug|Any CPU = Debug|Any CPU
		Release|Any CPU = Release|Any CPU
	EndGlobalSection
	GlobalSection(ProjectConfigurationPlatforms) = postSolution
		{FC0488F9-0E6B-4701-89DF-592A163C3431}.Debug|Any CPU.ActiveCfg = Debug|Any CPU
		{FC0488F9-0E6B-4701-89DF-592A163C3431}.Debug|Any CPU.Build.0 = Debug|Any CPU
		{FC0488F9-0E6B-4701-89DF-592A163C3431}.Release|Any CPU.ActiveCfg = Release|Any CPU
		{FC0488F9-0E6B-4701-89DF-592A163C3431}.Release|Any CPU.Build.0 = Release|Any CPU
	EndGlobalSection
	GlobalSection(SolutionProperties) = preSolution
		HideSolutionNode = FALSE
	EndGlobalSection
	GlobalSection(ExtensibilityGlobals) = postSolution
		SolutionGuid = {522584A7-68E8-402A-A9BB-70002D9A6B02}
	EndGlobalSection
EndGlobal
